
Microsoft Visual Studio Solution File, Format Version 12.00
# Visual Studio 15
VisualStudioVersion = 15.0.26430.6
MinimumVisualStudioVersion = 10.0.40219.1
Project("{8BC9CEB8-8B4A-11D0-8D11-00A0C91BC942}") = "CChromaEditor", "CChromaEditor.vcxproj", "{C2915423-2FF8-40C4-8C22-D3411568DCD3}"
EndProject
Project("{8BC9CEB8-8B4A-11D0-8D11-00A0C91BC942}") = "CChromaEditorLibrary", "CChromaEditorLibrary\CChromaEditorLibrary.vcxproj", "{48DACD44-7EF3-45C8-B744-8D82390BAC93}"
EndProject
Global
	GlobalSection(SolutionConfigurationPlatforms) = preSolution
		Debug|x64 = Debug|x64
		Debug|x86 = Debug|x86
		Release|x64 = Release|x64
		Release|x86 = Release|x86
	EndGlobalSection
	GlobalSection(ProjectConfigurationPlatforms) = postSolution
		{C2915423-2FF8-40C4-8C22-D3411568DCD3}.Debug|x64.ActiveCfg = Debug|x64
		{C2915423-2FF8-40C4-8C22-D3411568DCD3}.Debug|x64.Build.0 = Debug|x64
		{C2915423-2FF8-40C4-8C22-D3411568DCD3}.Debug|x86.ActiveCfg = Debug|Win32
		{C2915423-2FF8-40C4-8C22-D3411568DCD3}.Debug|x86.Build.0 = Debug|Win32
		{C2915423-2FF8-40C4-8C22-D3411568DCD3}.Release|x64.ActiveCfg = Release|x64
		{C2915423-2FF8-40C4-8C22-D3411568DCD3}.Release|x64.Build.0 = Release|x64
		{C2915423-2FF8-40C4-8C22-D3411568DCD3}.Release|x86.ActiveCfg = Release|Win32
		{C2915423-2FF8-40C4-8C22-D3411568DCD3}.Release|x86.Build.0 = Release|Win32
		{48DACD44-7EF3-45C8-B744-8D82390BAC93}.Debug|x64.ActiveCfg = Debug|x64
		{48DACD44-7EF3-45C8-B744-8D82390BAC93}.Debug|x64.Build.0 = Debug|x64
		{48DACD44-7EF3-45C8-B744-8D82390BAC93}.Debug|x86.ActiveCfg = Debug|Win32
		{48DACD44-7EF3-45C8-B744-8D82390BAC93}.Debug|x86.Build.0 = Debug|Win32
		{48DACD44-7EF3-45C8-B744-8D82390BAC93}.Release|x64.ActiveCfg = Release|x64
		{48DACD44-7EF3-45C8-B744-8D82390BAC93}.Release|x64.Build.0 = Release|x64
		{48DACD44-7EF3-45C8-B744-8D82390BAC93}.Release|x86.ActiveCfg = Release|Win32
		{48DACD44-7EF3-45C8-B744-8D82390BAC93}.Release|x86.Build.0 = Release|Win32
	EndGlobalSection
	GlobalSection(SolutionProperties) = preSolution
		HideSolutionNode = FALSE
	EndGlobalSection
EndGlobal
