<?xml version="1.0" encoding="utf-8"?>
<Project ToolsVersion="4.0" xmlns="http://schemas.microsoft.com/developer/msbuild/2003">
  <ItemGroup>
    <Filter Include="Source Files">
      <UniqueIdentifier>{4FC737F1-C7A5-4376-A066-2A32D752A2FF}</UniqueIdentifier>
      <Extensions>cpp;c;cc;cxx;c++;cppm;ixx;def;odl;idl;hpj;bat;asm;asmx</Extensions>
    </Filter>
    <Filter Include="Header Files">
      <UniqueIdentifier>{93995380-89BD-4b04-88EB-625FBE52EBFB}</UniqueIdentifier>
      <Extensions>h;hh;hpp;hxx;h++;hm;inl;inc;ipp;xsd</Extensions>
    </Filter>
    <Filter Include="Resource Files">
      <UniqueIdentifier>{67DA6AB6-F800-4c08-8B7A-83BB121AAD01}</UniqueIdentifier>
      <Extensions>rc;ico;cur;bmp;dlg;rc2;rct;bin;rgs;gif;jpg;jpeg;jpe;resx;tiff;tif;png;wav;mfcribbon-ms</Extensions>
    </Filter>
    <Filter Include="Animations">
      <UniqueIdentifier>{9edd4e99-ace7-49fb-8c7b-71ebb2307547}</UniqueIdentifier>
    </Filter>
    <Filter Include="Animations\André">
      <UniqueIdentifier>{4ffb80d3-033c-4092-a3d5-62c9da470352}</UniqueIdentifier>
    </Filter>
  </ItemGroup>
  <ItemGroup>
    <ClCompile Include="UnitTest.cpp">
      <Filter>Source Files</Filter>
    </ClCompile>
    <ClCompile Include="ChromaAnimationAPI.cpp">
      <Filter>Source Files</Filter>
    </ClCompile>
    <ClCompile Include="ChromaLogger.cpp">
      <Filter>Source Files</Filter>
    </ClCompile>
    <ClCompile Include="main.cpp">
      <Filter>Source Files</Filter>
    </ClCompile>
    <ClCompile Include="VerifyLibrarySignature.cpp">
      <Filter>Source Files</Filter>
    </ClCompile>
    <ClCompile Include="HandleInput.cpp">
      <Filter>Source Files</Filter>
    </ClCompile>
  </ItemGroup>
  <ItemGroup>
    <ClInclude Include="UnitTests.h">
      <Filter>Header Files</Filter>
    </ClInclude>
    <ClInclude Include="ChromaAnimationAPI.h">
      <Filter>Header Files</Filter>
    </ClInclude>
    <ClInclude Include="ChromaLogger.h">
      <Filter>Header Files</Filter>
    </ClInclude>
    <ClInclude Include="VerifyLibrarySignature.h">
      <Filter>Header Files</Filter>
    </ClInclude>
    <ClInclude Include="HandleInput.h">
      <Filter>Header Files</Filter>
    </ClInclude>
  </ItemGroup>
  <ItemGroup>
    <None Include="$(OutDir)\CChromaEditorLibrary.dll" />
    <None Include="Animations\Blank_ChromaLink.chroma">
      <Filter>Animations</Filter>
    </None>
    <None Include="Animations\Blank_Headset.chroma">
      <Filter>Animations</Filter>
    </None>
    <None Include="Animations\Blank_Keyboard.chroma">
      <Filter>Animations</Filter>
    </None>
    <None Include="Animations\Blank_Keypad.chroma">
      <Filter>Animations</Filter>
    </None>
    <None Include="Animations\Blank_Mouse.chroma">
      <Filter>Animations</Filter>
    </None>
    <None Include="Animations\Blank_Mousepad.chroma">
      <Filter>Animations</Filter>
    </None>
    <None Include="Animations\ChromaLinkEffect.chroma">
      <Filter>Animations</Filter>
    </None>
    <None Include="Animations\CircleSmall_Keyboard.chroma">
      <Filter>Animations</Filter>
    </None>
    <None Include="Animations\Damage1_Keyboard.chroma">
      <Filter>Animations</Filter>
    </None>
    <None Include="Animations\Damage2_Keyboard.chroma">
      <Filter>Animations</Filter>
    </None>
    <None Include="Animations\Damage3_Keyboard.chroma">
      <Filter>Animations</Filter>
    </None>
    <None Include="Animations\Damage4_Keyboard.chroma">
      <Filter>Animations</Filter>
    </None>
    <None Include="Animations\Damage5_Keyboard.chroma">
      <Filter>Animations</Filter>
    </None>
    <None Include="Animations\Damage6_Keyboard.chroma">
      <Filter>Animations</Filter>
    </None>
    <None Include="Animations\Damage7_Keyboard.chroma">
      <Filter>Animations</Filter>
    </None>
    <None Include="Animations\Damage8_Keyboard.chroma">
      <Filter>Animations</Filter>
    </None>
    <None Include="Animations\Fire_ChromaLink.chroma">
      <Filter>Animations</Filter>
    </None>
    <None Include="Animations\Fire_Headset.chroma">
      <Filter>Animations</Filter>
    </None>
    <None Include="Animations\Fire_Keyboard.chroma">
      <Filter>Animations</Filter>
    </None>
    <None Include="Animations\Fire_Keypad.chroma">
      <Filter>Animations</Filter>
    </None>
    <None Include="Animations\Fire_Mouse.chroma">
      <Filter>Animations</Filter>
    </None>
    <None Include="Animations\Fire_Mousepad.chroma">
      <Filter>Animations</Filter>
    </None>
    <None Include="Animations\FrameValidation_Keyboard.chroma">
      <Filter>Animations</Filter>
    </None>
    <None Include="Animations\HeadsetEffect.chroma">
      <Filter>Animations</Filter>
    </None>
    <None Include="Animations\KeyboardCoolFireAnimation.chroma">
      <Filter>Animations</Filter>
    </None>
    <None Include="Animations\KeyboardEffect.chroma">
      <Filter>Animations</Filter>
    </None>
    <None Include="Animations\KeyboardParticleAnimation.chroma">
      <Filter>Animations</Filter>
    </None>
    <None Include="Animations\KeyboardParticleAnimation2.chroma">
      <Filter>Animations</Filter>
    </None>
    <None Include="Animations\KeypadEffect.chroma">
      <Filter>Animations</Filter>
    </None>
    <None Include="Animations\MouseEffect.chroma">
      <Filter>Animations</Filter>
    </None>
    <None Include="Animations\New_ChromaLink.chroma">
      <Filter>Animations</Filter>
    </None>
    <None Include="Animations\Rainbow_ChromaLink.chroma">
      <Filter>Animations</Filter>
    </None>
    <None Include="Animations\Rainbow_Headset.chroma">
      <Filter>Animations</Filter>
    </None>
    <None Include="Animations\Rainbow_Keyboard.chroma">
      <Filter>Animations</Filter>
    </None>
    <None Include="Animations\Rainbow_Mouse.chroma">
      <Filter>Animations</Filter>
    </None>
    <None Include="Animations\Rainbow_Mousepad.chroma">
      <Filter>Animations</Filter>
    </None>
    <None Include="Animations\Random_ChromaLink.chroma">
      <Filter>Animations</Filter>
    </None>
    <None Include="Animations\Random_Headset.chroma">
      <Filter>Animations</Filter>
    </None>
    <None Include="Animations\Random_Keyboard.chroma">
      <Filter>Animations</Filter>
    </None>
    <None Include="Animations\Random_Keypad.chroma">
      <Filter>Animations</Filter>
    </None>
    <None Include="Animations\Random_Mouse.chroma">
      <Filter>Animations</Filter>
    </None>
    <None Include="Animations\Random_Mousepad.chroma">
      <Filter>Animations</Filter>
    </None>
    <None Include="Animations\Rows_Keyboard.chroma">
      <Filter>Animations</Filter>
    </None>
    <None Include="Animations\Spiral_Keyboard.chroma">
      <Filter>Animations</Filter>
    </None>
    <None Include="Animations\Sprite_Keyboard.chroma">
      <Filter>Animations</Filter>
    </None>
    <None Include="Animations\André\Message_ChromaLink.chroma">
      <Filter>Animations\André</Filter>
    </None>
    <None Include="Animations\André\Message_Headset.chroma">
      <Filter>Animations\André</Filter>
    </None>
    <None Include="Animations\André\Message_Keyboard.chroma">
      <Filter>Animations\André</Filter>
    </None>
    <None Include="Animations\André\Message_Keypad.chroma">
      <Filter>Animations\André</Filter>
    </None>
    <None Include="Animations\André\Message_Mouse.chroma">
      <Filter>Animations\André</Filter>
    </None>
    <None Include="Animations\André\Message_Mousepad.chroma">
      <Filter>Animations\André</Filter>
    </None>
  </ItemGroup>
</Project>