<?xml version="1.0" encoding="utf-8"?>
<Project ToolsVersion="4.0" xmlns="http://schemas.microsoft.com/developer/msbuild/2003">
  <ItemGroup>
    <Filter Include="Source Files">
      <UniqueIdentifier>{4FC737F1-C7A5-4376-A066-2A32D752A2FF}</UniqueIdentifier>
      <Extensions>cpp;c;cc;cxx;def;odl;idl;hpj;bat;asm;asmx</Extensions>
    </Filter>
    <Filter Include="Header Files">
      <UniqueIdentifier>{93995380-89BD-4b04-88EB-625FBE52EBFB}</UniqueIdentifier>
      <Extensions>h;hh;hpp;hxx;hm;inl;inc;xsd</Extensions>
    </Filter>
    <Filter Include="Resource Files">
      <UniqueIdentifier>{67DA6AB6-F800-4c08-8B7A-83BB121AAD01}</UniqueIdentifier>
      <Extensions>rc;ico;cur;bmp;dlg;rc2;rct;bin;rgs;gif;jpg;jpeg;jpe;resx;tiff;tif;png;wav;mfcribbon-ms</Extensions>
    </Filter>
  </ItemGroup>
  <ItemGroup>
    <Text Include="ReadMe.txt" />
  </ItemGroup>
  <ItemGroup>
    <ClInclude Include="stdafx.h">
      <Filter>Header Files</Filter>
    </ClInclude>
    <ClInclude Include="targetver.h">
      <Filter>Header Files</Filter>
    </ClInclude>
    <ClInclude Include="ChromaAnimationAPI.h">
      <Filter>Header Files</Filter>
    </ClInclude>
    <ClInclude Include="UnitTests.h">
      <Filter>Header Files</Filter>
    </ClInclude>
  </ItemGroup>
  <ItemGroup>
    <ClCompile Include="stdafx.cpp">
      <Filter>Source Files</Filter>
    </ClCompile>
    <ClCompile Include="CConsoleEditor.cpp">
      <Filter>Source Files</Filter>
    </ClCompile>
    <ClCompile Include="ChromaAnimationAPI.cpp">
      <Filter>Source Files</Filter>
    </ClCompile>
    <ClCompile Include="UnitTest.cpp">
      <Filter>Source Files</Filter>
    </ClCompile>
  </ItemGroup>
  <ItemGroup>
    <None Include="Animations\Damage1_Keyboard.chroma" />
    <None Include="Animations\Damage2_Keyboard.chroma" />
    <None Include="Animations\Damage3_Keyboard.chroma" />
    <None Include="Animations\Damage4_Keyboard.chroma" />
    <None Include="Animations\Damage5_Keyboard.chroma" />
    <None Include="Animations\Damage6_Keyboard.chroma" />
    <None Include="Animations\Damage7_Keyboard.chroma" />
    <None Include="Animations\Damage8_Keyboard.chroma" />
    <None Include="Animations\Blank_ChromaLink.chroma" />
    <None Include="Animations\Blank_Headset.chroma" />
    <None Include="Animations\Blank_Keyboard.chroma" />
    <None Include="Animations\Blank_Keypad.chroma" />
    <None Include="Animations\Blank_Mouse.chroma" />
    <None Include="Animations\Blank_Mousepad.chroma" />
    <None Include="Animations\ChromaLinkEffect.chroma" />
    <None Include="Animations\CircleSmall_Keyboard.chroma" />
    <None Include="Animations\Fire_ChromaLink.chroma" />
    <None Include="Animations\Fire_Headset.chroma" />
    <None Include="Animations\Fire_Keyboard.chroma" />
    <None Include="Animations\Fire_Keypad.chroma" />
    <None Include="Animations\Fire_Mouse.chroma" />
    <None Include="Animations\Fire_Mousepad.chroma" />
    <None Include="Animations\HeadsetEffect.chroma" />
    <None Include="Animations\KeyboardCoolFireAnimation.chroma" />
    <None Include="Animations\KeyboardEffect.chroma" />
    <None Include="Animations\KeyboardParticleAnimation.chroma" />
    <None Include="Animations\KeyboardParticleAnimation2.chroma" />
    <None Include="Animations\KeypadEffect.chroma" />
    <None Include="Animations\MouseEffect.chroma" />
    <None Include="Animations\New_ChromaLink.chroma" />
    <None Include="Animations\Random_ChromaLink.chroma" />
    <None Include="Animations\Random_Headset.chroma" />
    <None Include="Animations\Random_Keyboard.chroma" />
    <None Include="Animations\Random_Keypad.chroma" />
    <None Include="Animations\Random_Mouse.chroma" />
    <None Include="Animations\Random_Mousepad.chroma" />
    <None Include="Animations\Rows_Keyboard.chroma" />
    <None Include="Animations\Sprite_Keyboard.chroma" />
    <None Include="Animations\Rainbow_ChromaLink.chroma" />
    <None Include="Animations\Rainbow_Headset.chroma" />
    <None Include="Animations\Rainbow_Keyboard.chroma" />
    <None Include="Animations\Rainbow_Mouse.chroma" />
    <None Include="Animations\Rainbow_Mousepad.chroma" />
  </ItemGroup>
</Project>